<Solution>
  <Project Path="../ChipBakery.ServiceDefaults/ChipBakery.ServiceDefaults.csproj" />
  <Project Path="../ChipBakery.Shared/ChipBakery.Shared.csproj" />
  <Project Path="Warehouse.Domain/Warehouse.Domain.csproj" />
  <Project Path="Warehouse.Application/Warehouse.Application.csproj" />
  <Project Path="Warehouse.Infrastructure/Warehouse.Infrastructure.csproj" />
  <Project Path="Warehouse.Service/Warehouse.Service.csproj" />
</Solution>
